{
    "_readme": [
        "This file locks the dependencies of your project to a known state",
        "Read more about it at https://getcomposer.org/doc/01-basic-usage.md#composer-lock-the-lock-file",
        "This file is @generated automatically"
    ],
    "content-hash": "c4dc77c383a01e94319f9247dee06a16",
    "packages": [
        {
            "name": "adamwathan/form",
            "version": "v0.8.12",
            "source": {
                "type": "git",
                "url": "https://github.com/adamwathan/form.git",
                "reference": "b5a1e8af895a2daa22663508394633fd8ad99904"
            },
            "dist": {
                "type": "zip",
                "url": "https://api.github.com/repos/adamwathan/form/zipball/b5a1e8af895a2daa22663508394633fd8ad99904",
                "reference": "b5a1e8af895a2daa22663508394633fd8ad99904",
                "shasum": ""
            },
            "require": {
                "php": ">=5.4.0"
            },
            "require-dev": {
                "illuminate/support": "4.*",
                "mockery/mockery": "~0.9",
                "phpunit/phpunit": "3.7.*",
                "satooshi/php-coveralls": "^1.0"
            },
            "type": "library",
            "autoload": {
                "psr-0": {
                    "AdamWathan\\Form": "src/"
                }
            },
            "notification-url": "https://packagist.org/downloads/",
            "license": [
                "MIT"
            ],
            "authors": [
                {
                    "name": "Adam Wathan",
                    "email": "adam.wathan@gmail.com"
                }
            ],
            "description": "A basic framework agnostic form building package with a few extra niceties like remembering old input and retrieving error messages.",
            "time": "2017-01-31T13:18:04+00:00"
        },
        {
            "name": "simple-html-dom/simple-html-dom",
            "version": "1.5.0",
            "source": {
                "type": "git",
                "url": "https://github.com/miclf/simple-html-dom.git",
                "reference": "961610576c460546677a635062e9d3d7b6dab745"
            },
            "dist": {
                "type": "zip",
                "url": "https://api.github.com/repos/miclf/simple-html-dom/zipball/961610576c460546677a635062e9d3d7b6dab745",
                "reference": "961610576c460546677a635062e9d3d7b6dab745",
                "shasum": ""
            },
            "type": "library",
            "notification-url": "https://packagist.org/downloads/",
            "license": [
                "MIT"
            ],
            "authors": [
                {
                    "name": "S.C. Chen",
                    "email": "me578022@gmail.com"
                }
            ],
            "description": "A copy of the PHP Simple HTML DOM Parser project.",
            "time": "2013-05-14T22:27:35+00:00"
        },
        {
            "name": "smarty/smarty",
            "version": "v3.1.31",
            "source": {
                "type": "git",
                "url": "https://github.com/smarty-php/smarty.git",
                "reference": "c7d42e4a327c402897dd587871434888fde1e7a9"
            },
            "dist": {
                "type": "zip",
                "url": "https://api.github.com/repos/smarty-php/smarty/zipball/c7d42e4a327c402897dd587871434888fde1e7a9",
                "reference": "c7d42e4a327c402897dd587871434888fde1e7a9",
                "shasum": ""
            },
            "require": {
                "php": ">=5.2"
            },
            "type": "library",
            "extra": {
                "branch-alias": {
                    "dev-master": "3.1.x-dev"
                }
            },
            "autoload": {
                "files": [
                    "libs/bootstrap.php"
                ]
            },
            "notification-url": "https://packagist.org/downloads/",
            "license": [
                "LGPL-3.0"
            ],
            "authors": [
                {
                    "name": "Monte Ohrt",
                    "email": "monte@ohrt.com"
                },
                {
                    "name": "Uwe Tews",
                    "email": "uwe.tews@googlemail.com"
                },
                {
                    "name": "Rodney Rehm",
                    "email": "rodney.rehm@medialize.de"
                }
            ],
            "description": "Smarty - the compiling PHP template engine",
            "homepage": "http://www.smarty.net",
            "keywords": [
                "templating"
            ],
            "time": "2016-12-14T21:57:25+00:00"
        },
        {
            "name": "wixel/gump",
            "version": "dev-master",
            "source": {
                "type": "git",
                "url": "https://github.com/Wixel/GUMP.git",
                "reference": "6092cd0fffb4f1d7907dd9e1dde63a1d332e7b08"
            },
            "dist": {
                "type": "zip",
                "url": "https://api.github.com/repos/Wixel/GUMP/zipball/6092cd0fffb4f1d7907dd9e1dde63a1d332e7b08",
                "reference": "6092cd0fffb4f1d7907dd9e1dde63a1d332e7b08",
                "shasum": ""
            },
            "type": "library",
            "autoload": {
                "files": [
                    "gump.class.php"
                ]
            },
            "notification-url": "https://packagist.org/downloads/",
            "license": [
                "MIT"
            ],
            "authors": [
                {
                    "name": "Colleen Emryss",
                    "homepage": "http://skitter.tv"
                },
                {
                    "name": "Mark Slingsby",
                    "homepage": "http://www.rsaweb.co.za"
                },
                {
                    "name": "Roy de Kleijn",
                    "homepage": "http://roydekleijn.com"
                },
                {
                    "name": "Christian Klisch",
                    "homepage": "http://www.christian-klisch.de/"
                },
                {
                    "name": "Inge Brattaas",
                    "homepage": "http://res.no/"
                },
                {
                    "name": "Rob Crowe",
                    "homepage": "http://vivalacrowe.com"
                },
                {
                    "name": "Sean Nieuwoudt",
                    "homepage": "https://wixelhq.com"
                }
            ],
            "description": "A fast, extensible & stand-alone PHP input validation class that allows you to validate any data",
            "homepage": "https://wixelhq.com/",
            "time": "2016-08-30 16:12:49"
        },
        {
            "name": "xorm/xorm",
            "version": "dev-master",
            "source": {
                "type": "git",
                "url": "https://github.com/flik/X.git",
                "reference": "df2cc5818468256ee2ac234631dd107546768767"
            },
            "dist": {
                "type": "zip",
                "url": "https://api.github.com/repos/flik/X/zipball/df2cc5818468256ee2ac234631dd107546768767",
                "reference": "df2cc5818468256ee2ac234631dd107546768767",
                "shasum": ""
            },
            "require": {
                "php": ">=5.4.0"
            },
            "type": "library",
            "autoload": {
                "files": [
                    "X.php"
                ]
            },
            "notification-url": "https://packagist.org/downloads/",
            "license": [
                "MIT"
            ],
            "authors": [
                {
                    "name": "Mohammad Ashfaq",
                    "email": "ashfaqzp@gmail.com",
                    "homepage": "http://www.cometobiz.com",
                    "role": "Developer"
                }
            ],
            "description": "It is simple orm solution in php",
            "homepage": "https://github.com/flik/X.git",
            "keywords": [
                "orm",
                "xorm"
            ],
            "time": "2017-02-21 02:26:49"
        }
    ],
    "packages-dev": [],
    "aliases": [],
    "minimum-stability": "stable",
    "stability-flags": {
        "xorm/xorm": 20,
        "wixel/gump": 20
    },
    "prefer-stable": false,
    "prefer-lowest": false,
    "platform": [],
    "platform-dev": []
}
